
Microsoft Visual Studio Solution File, Format Version 12.00
# Visual Studio Version 18
VisualStudioVersion = 18.6.11819.183 stable
MinimumVisualStudioVersion = 10.0.40219.1
Project("{FAE04EC0-301F-11D3-BF4B-00C04F79EFBC}") = "Event_Project", "Event_Project.csproj", "{B47DCEE7-C829-F59D-132D-5BA3475EDC3E}"
EndProject
Global
	GlobalSection(SolutionConfigurationPlatforms) = preSolution
		Debug|Any CPU = Debug|Any CPU
		Release|Any CPU = Release|Any CPU
	EndGlobalSection
	GlobalSection(ProjectConfigurationPlatforms) = postSolution
		{B47DCEE7-C829-F59D-132D-5BA3475EDC3E}.Debug|Any CPU.ActiveCfg = Debug|Any CPU
		{B47DCEE7-C829-F59D-132D-5BA3475EDC3E}.Debug|Any CPU.Build.0 = Debug|Any CPU
		{B47DCEE7-C829-F59D-132D-5BA3475EDC3E}.Release|Any CPU.ActiveCfg = Release|Any CPU
		{B47DCEE7-C829-F59D-132D-5BA3475EDC3E}.Release|Any CPU.Build.0 = Release|Any CPU
	EndGlobalSection
	GlobalSection(SolutionProperties) = preSolution
		HideSolutionNode = FALSE
	EndGlobalSection
	GlobalSection(ExtensibilityGlobals) = postSolution
		SolutionGuid = {8F12E078-A4E9-4E8E-B631-F1FDA56166D5}
	EndGlobalSection
EndGlobal
